
Microsoft Visual Studio Solution File, Format Version 12.00
# Visual Studio Version 16
VisualStudioVersion = 16.0.31911.196
MinimumVisualStudioVersion = 10.0.40219.1
Project("{FAE04EC0-301F-11D3-BF4B-00C04F79EFBC}") = "CrudMvc1", "CrudMvc1.csproj", "{74697876-109C-4D65-ACA7-E7A710372D71}"
EndProject
Global
	GlobalSection(SolutionConfigurationPlatforms) = preSolution
		Debug|Any CPU = Debug|Any CPU
		Release|Any CPU = Release|Any CPU
	EndGlobalSection
	GlobalSection(ProjectConfigurationPlatforms) = postSolution
		{74697876-109C-4D65-ACA7-E7A710372D71}.Debug|Any CPU.ActiveCfg = Debug|Any CPU
		{74697876-109C-4D65-ACA7-E7A710372D71}.Debug|Any CPU.Build.0 = Debug|Any CPU
		{74697876-109C-4D65-ACA7-E7A710372D71}.Release|Any CPU.ActiveCfg = Release|Any CPU
		{74697876-109C-4D65-ACA7-E7A710372D71}.Release|Any CPU.Build.0 = Release|Any CPU
	EndGlobalSection
	GlobalSection(SolutionProperties) = preSolution
		HideSolutionNode = FALSE
	EndGlobalSection
	GlobalSection(ExtensibilityGlobals) = postSolution
		SolutionGuid = {E6EC40DD-0E2D-468A-AE51-8E9667C16A80}
	EndGlobalSection
EndGlobal
